
Microsoft Visual Studio Solution File, Format Version 11.00
# Visual Studio 2010
Project("{FAE04EC0-301F-11D3-BF4B-00C04F79EFBC}") = "Assembly-CSharp", "Assembly-CSharp.csproj", "{047E82CA-5099-0227-E212-5F37F255D4F2}"
EndProject
Project("{FAE04EC0-301F-11D3-BF4B-00C04F79EFBC}") = "Assembly-CSharp-firstpass", "Assembly-CSharp-firstpass.csproj", "{50FEC431-EA6D-C39D-0ABB-0680069D7B01}"
EndProject
Project("{FAE04EC0-301F-11D3-BF4B-00C04F79EFBC}") = "Assembly-CSharp-Editor-firstpass", "Assembly-CSharp-Editor-firstpass.csproj", "{65D0D357-6BA6-7A66-988B-CFF0AD615E47}"
EndProject
Project("{FAE04EC0-301F-11D3-BF4B-00C04F79EFBC}") = "Assembly-CSharp-Editor", "Assembly-CSharp-Editor.csproj", "{10CAD63C-130A-C6DA-7316-CF08678B735C}"
EndProject
Global
	GlobalSection(SolutionConfigurationPlatforms) = preSolution
		Debug|Any CPU = Debug|Any CPU
		Release|Any CPU = Release|Any CPU
	EndGlobalSection
	GlobalSection(ProjectConfigurationPlatforms) = postSolution
		{047E82CA-5099-0227-E212-5F37F255D4F2}.Debug|Any CPU.ActiveCfg = Debug|Any CPU
		{047E82CA-5099-0227-E212-5F37F255D4F2}.Debug|Any CPU.Build.0 = Debug|Any CPU
		{047E82CA-5099-0227-E212-5F37F255D4F2}.Release|Any CPU.ActiveCfg = Release|Any CPU
		{047E82CA-5099-0227-E212-5F37F255D4F2}.Release|Any CPU.Build.0 = Release|Any CPU
		{50FEC431-EA6D-C39D-0ABB-0680069D7B01}.Debug|Any CPU.ActiveCfg = Debug|Any CPU
		{50FEC431-EA6D-C39D-0ABB-0680069D7B01}.Debug|Any CPU.Build.0 = Debug|Any CPU
		{50FEC431-EA6D-C39D-0ABB-0680069D7B01}.Release|Any CPU.ActiveCfg = Release|Any CPU
		{50FEC431-EA6D-C39D-0ABB-0680069D7B01}.Release|Any CPU.Build.0 = Release|Any CPU
		{65D0D357-6BA6-7A66-988B-CFF0AD615E47}.Debug|Any CPU.ActiveCfg = Debug|Any CPU
		{65D0D357-6BA6-7A66-988B-CFF0AD615E47}.Debug|Any CPU.Build.0 = Debug|Any CPU
		{65D0D357-6BA6-7A66-988B-CFF0AD615E47}.Release|Any CPU.ActiveCfg = Release|Any CPU
		{65D0D357-6BA6-7A66-988B-CFF0AD615E47}.Release|Any CPU.Build.0 = Release|Any CPU
		{10CAD63C-130A-C6DA-7316-CF08678B735C}.Debug|Any CPU.ActiveCfg = Debug|Any CPU
		{10CAD63C-130A-C6DA-7316-CF08678B735C}.Debug|Any CPU.Build.0 = Debug|Any CPU
		{10CAD63C-130A-C6DA-7316-CF08678B735C}.Release|Any CPU.ActiveCfg = Release|Any CPU
		{10CAD63C-130A-C6DA-7316-CF08678B735C}.Release|Any CPU.Build.0 = Release|Any CPU
	EndGlobalSection
	GlobalSection(SolutionProperties) = preSolution
		HideSolutionNode = FALSE
	EndGlobalSection
EndGlobal
